{
  "name": "jquery-hassan",
  "lockfileVersion": 2,
  "requires": true,
  "packages": {
    "": {
      "dependencies": {
        "jquery": "^3.6.0",
        "jquery.countdown": "^1.2.8"
      }
    },
    "node_modules/jquery": {
      "version": "3.6.0",
      "resolved": "https://registry.npmjs.org/jquery/-/jquery-3.6.0.tgz",
      "integrity": "sha512-JVzAR/AjBvVt2BmYhxRCSYysDsPcssdmTFnzyLEts9qNwmjmu4JTAMYubEfwVOSwpQ1I1sKKFcxhZCI2buerfw=="
    },
    "node_modules/jquery.countdown": {
      "version": "1.2.8",
      "resolved": "https://registry.npmjs.org/jquery.countdown/-/jquery.countdown-1.2.8.tgz",
      "integrity": "sha1-miJN5hmuUnrrT060p5CpPe4OYnY="
    }
  },
  "dependencies": {
    "jquery": {
      "version": "3.6.0",
      "resolved": "https://registry.npmjs.org/jquery/-/jquery-3.6.0.tgz",
      "integrity": "sha512-JVzAR/AjBvVt2BmYhxRCSYysDsPcssdmTFnzyLEts9qNwmjmu4JTAMYubEfwVOSwpQ1I1sKKFcxhZCI2buerfw=="
    },
    "jquery.countdown": {
      "version": "1.2.8",
      "resolved": "https://registry.npmjs.org/jquery.countdown/-/jquery.countdown-1.2.8.tgz",
      "integrity": "sha1-miJN5hmuUnrrT060p5CpPe4OYnY="
    }
  }
}
